
Microsoft Visual Studio Solution File, Format Version 12.00
# Visual Studio Version 16
VisualStudioVersion = 16.0.29709.97
MinimumVisualStudioVersion = 10.0.40219.1
Project("{FAE04EC0-301F-11D3-BF4B-00C04F79EFBC}") = "Pure Fabrication", "Pure Fabrication.csproj", "{B20A5458-9391-4BC4-9BC2-3CF1571208B9}"
EndProject
Global
	GlobalSection(SolutionConfigurationPlatforms) = preSolution
		Debug|Any CPU = Debug|Any CPU
		Release|Any CPU = Release|Any CPU
	EndGlobalSection
	GlobalSection(ProjectConfigurationPlatforms) = postSolution
		{B20A5458-9391-4BC4-9BC2-3CF1571208B9}.Debug|Any CPU.ActiveCfg = Debug|Any CPU
		{B20A5458-9391-4BC4-9BC2-3CF1571208B9}.Debug|Any CPU.Build.0 = Debug|Any CPU
		{B20A5458-9391-4BC4-9BC2-3CF1571208B9}.Release|Any CPU.ActiveCfg = Release|Any CPU
		{B20A5458-9391-4BC4-9BC2-3CF1571208B9}.Release|Any CPU.Build.0 = Release|Any CPU
	EndGlobalSection
	GlobalSection(SolutionProperties) = preSolution
		HideSolutionNode = FALSE
	EndGlobalSection
	GlobalSection(ExtensibilityGlobals) = postSolution
		SolutionGuid = {15C9D4EC-24BD-4B11-BB3E-68D0E4E8A305}
	EndGlobalSection
EndGlobal
